
Microsoft Visual Studio Solution File, Format Version 12.00
# Visual Studio Version 16
VisualStudioVersion = 25.0.1706.3
MinimumVisualStudioVersion = 10.0.40219.1
Project("{FAE04EC0-301F-11D3-BF4B-00C04F79EFBC}") = "Plugin.Maui.Calendar", "Plugin.Maui.Calendar.csproj", "{F61FE864-0B84-4C00-9080-30A8DF9C65FB}"
EndProject
Global
	GlobalSection(SolutionConfigurationPlatforms) = preSolution
		Debug|Any CPU = Debug|Any CPU
		Release|Any CPU = Release|Any CPU
	EndGlobalSection
	GlobalSection(ProjectConfigurationPlatforms) = postSolution
		{F61FE864-0B84-4C00-9080-30A8DF9C65FB}.Debug|Any CPU.ActiveCfg = Debug|Any CPU
		{F61FE864-0B84-4C00-9080-30A8DF9C65FB}.Debug|Any CPU.Build.0 = Debug|Any CPU
		{F61FE864-0B84-4C00-9080-30A8DF9C65FB}.Release|Any CPU.ActiveCfg = Release|Any CPU
		{F61FE864-0B84-4C00-9080-30A8DF9C65FB}.Release|Any CPU.Build.0 = Release|Any CPU
	EndGlobalSection
	GlobalSection(SolutionProperties) = preSolution
		HideSolutionNode = FALSE
	EndGlobalSection
	GlobalSection(ExtensibilityGlobals) = postSolution
		SolutionGuid = {12E23BEA-2A4B-47F1-BC9D-47D37DAA8714}
	EndGlobalSection
EndGlobal
